
Microsoft Visual Studio Solution File, Format Version 12.00
# Visual Studio Version 17
VisualStudioVersion = 17.1.32407.343
MinimumVisualStudioVersion = 10.0.40219.1
Project("{FAE04EC0-301F-11D3-BF4B-00C04F79EFBC}") = "NotasWorkshop.API", "NotasWorkshop.API\NotasWorkshop.API.csproj", "{FC54E14B-ECAF-4C95-B875-766B808ADD6A}"
EndProject
Project("{FAE04EC0-301F-11D3-BF4B-00C04F79EFBC}") = "NotasWorkshop.Core", "NotasWorkshop.Core\NotasWorkshop.Core.csproj", "{D17DDC6C-B883-45F0-A3CA-42B695970B1A}"
EndProject
Project("{FAE04EC0-301F-11D3-BF4B-00C04F79EFBC}") = "NotasWorkshop.Model", "NotasWorkshop.Model\NotasWorkshop.Model.csproj", "{A8DA4ECA-C2A7-40A3-9CF5-A9F0286F1D1B}"
EndProject
Project("{FAE04EC0-301F-11D3-BF4B-00C04F79EFBC}") = "NotasWorkshop.Services", "NotasWorkshop.Services\NotasWorkshop.Services.csproj", "{54A2D6F4-B083-4AB3-9045-EAB517ECBD1E}"
EndProject
Project("{FAE04EC0-301F-11D3-BF4B-00C04F79EFBC}") = "NotasWorkshop.Bl", "NotasWorkshop.Bl\NotasWorkshop.Bl.csproj", "{AFD51DA6-1F0A-4833-9FC3-9DD1CA7E2341}"
EndProject
Global
	GlobalSection(SolutionConfigurationPlatforms) = preSolution
		Debug|Any CPU = Debug|Any CPU
		Release|Any CPU = Release|Any CPU
	EndGlobalSection
	GlobalSection(ProjectConfigurationPlatforms) = postSolution
		{FC54E14B-ECAF-4C95-B875-766B808ADD6A}.Debug|Any CPU.ActiveCfg = Debug|Any CPU
		{FC54E14B-ECAF-4C95-B875-766B808ADD6A}.Debug|Any CPU.Build.0 = Debug|Any CPU
		{FC54E14B-ECAF-4C95-B875-766B808ADD6A}.Release|Any CPU.ActiveCfg = Release|Any CPU
		{FC54E14B-ECAF-4C95-B875-766B808ADD6A}.Release|Any CPU.Build.0 = Release|Any CPU
		{D17DDC6C-B883-45F0-A3CA-42B695970B1A}.Debug|Any CPU.ActiveCfg = Debug|Any CPU
		{D17DDC6C-B883-45F0-A3CA-42B695970B1A}.Debug|Any CPU.Build.0 = Debug|Any CPU
		{D17DDC6C-B883-45F0-A3CA-42B695970B1A}.Release|Any CPU.ActiveCfg = Release|Any CPU
		{D17DDC6C-B883-45F0-A3CA-42B695970B1A}.Release|Any CPU.Build.0 = Release|Any CPU
		{A8DA4ECA-C2A7-40A3-9CF5-A9F0286F1D1B}.Debug|Any CPU.ActiveCfg = Debug|Any CPU
		{A8DA4ECA-C2A7-40A3-9CF5-A9F0286F1D1B}.Debug|Any CPU.Build.0 = Debug|Any CPU
		{A8DA4ECA-C2A7-40A3-9CF5-A9F0286F1D1B}.Release|Any CPU.ActiveCfg = Release|Any CPU
		{A8DA4ECA-C2A7-40A3-9CF5-A9F0286F1D1B}.Release|Any CPU.Build.0 = Release|Any CPU
		{54A2D6F4-B083-4AB3-9045-EAB517ECBD1E}.Debug|Any CPU.ActiveCfg = Debug|Any CPU
		{54A2D6F4-B083-4AB3-9045-EAB517ECBD1E}.Debug|Any CPU.Build.0 = Debug|Any CPU
		{54A2D6F4-B083-4AB3-9045-EAB517ECBD1E}.Release|Any CPU.ActiveCfg = Release|Any CPU
		{54A2D6F4-B083-4AB3-9045-EAB517ECBD1E}.Release|Any CPU.Build.0 = Release|Any CPU
		{AFD51DA6-1F0A-4833-9FC3-9DD1CA7E2341}.Debug|Any CPU.ActiveCfg = Debug|Any CPU
		{AFD51DA6-1F0A-4833-9FC3-9DD1CA7E2341}.Debug|Any CPU.Build.0 = Debug|Any CPU
		{AFD51DA6-1F0A-4833-9FC3-9DD1CA7E2341}.Release|Any CPU.ActiveCfg = Release|Any CPU
		{AFD51DA6-1F0A-4833-9FC3-9DD1CA7E2341}.Release|Any CPU.Build.0 = Release|Any CPU
	EndGlobalSection
	GlobalSection(SolutionProperties) = preSolution
		HideSolutionNode = FALSE
	EndGlobalSection
	GlobalSection(ExtensibilityGlobals) = postSolution
		SolutionGuid = {64E542DB-DCEC-46B1-B951-42FDE64CDAC5}
	EndGlobalSection
EndGlobal
